
Microsoft Visual Studio Solution File, Format Version 12.00
# Visual Studio Version 16
VisualStudioVersion = 16.0.31613.86
MinimumVisualStudioVersion = 10.0.40219.1
Project("{FAE04EC0-301F-11D3-BF4B-00C04F79EFBC}") = "1911066165_DangPhuocKhoa_BigSchool", "1911066165_DangPhuocKhoa_BigSchool\1911066165_DangPhuocKhoa_BigSchool.csproj", "{12F3A4ED-BDE3-4762-ADC0-9E6A67469F4B}"
EndProject
Global
	GlobalSection(SolutionConfigurationPlatforms) = preSolution
		Debug|Any CPU = Debug|Any CPU
		Release|Any CPU = Release|Any CPU
	EndGlobalSection
	GlobalSection(ProjectConfigurationPlatforms) = postSolution
		{12F3A4ED-BDE3-4762-ADC0-9E6A67469F4B}.Debug|Any CPU.ActiveCfg = Debug|Any CPU
		{12F3A4ED-BDE3-4762-ADC0-9E6A67469F4B}.Debug|Any CPU.Build.0 = Debug|Any CPU
		{12F3A4ED-BDE3-4762-ADC0-9E6A67469F4B}.Release|Any CPU.ActiveCfg = Release|Any CPU
		{12F3A4ED-BDE3-4762-ADC0-9E6A67469F4B}.Release|Any CPU.Build.0 = Release|Any CPU
	EndGlobalSection
	GlobalSection(SolutionProperties) = preSolution
		HideSolutionNode = FALSE
	EndGlobalSection
	GlobalSection(ExtensibilityGlobals) = postSolution
		SolutionGuid = {7BE1CB7C-0ED3-43EE-8CCE-C7B8F79C941B}
	EndGlobalSection
EndGlobal
